// !$*UTF8*$!
{
	archiveVersion = 1;
	classes = {
	};
	objectVersion = 46;
	objects = {

/* Begin PBXBuildFile section */
		F3129B1D1B4B009300FBFBF2 /* City.swift in Sources */ = {isa = PBXBuildFile; fileRef = F3129B1C1B4B009300FBFBF2 /* City.swift */; };
		F3129B1F1B4B05E000FBFBF2 /* DetailViewController.swift in Sources */ = {isa = PBXBuildFile; fileRef = F3129B1E1B4B05E000FBFBF2 /* DetailViewController.swift */; };
		F3DA123D1B4ADEC5005CE246 /* AppDelegate.swift in Sources */ = {isa = PBXBuildFile; fileRef = F3DA123C1B4ADEC5005CE246 /* AppDelegate.swift */; };
		F3DA123F1B4ADEC5005CE246 /* ViewController.swift in Sources */ = {isa = PBXBuildFile; fileRef = F3DA123E1B4ADEC5005CE246 /* ViewController.swift */; };
		F3DA12421B4ADEC5005CE246 /* Main.storyboard in Resources */ = {isa = PBXBuildFile; fileRef = F3DA12401B4ADEC5005CE246 /* Main.storyboard */; };
		F3DA12441B4ADEC5005CE246 /* Assets.xcassets in Resources */ = {isa = PBXBuildFile; fileRef = F3DA12431B4ADEC5005CE246 /* Assets.xcassets */; };
		F3DA12471B4ADEC5005CE246 /* LaunchScreen.storyboard in Resources */ = {isa = PBXBuildFile; fileRef = F3DA12451B4ADEC5005CE246 /* LaunchScreen.storyboard */; };
		F3DA12521B4ADEC5005CE246 /* My_College_BuilderTests.swift in Sources */ = {isa = PBXBuildFile; fileRef = F3DA12511B4ADEC5005CE246 /* My_College_BuilderTests.swift */; };
		F3DA125D1B4ADEC5005CE246 /* My_College_BuilderUITests.swift in Sources */ = {isa = PBXBuildFile; fileRef = F3DA125C1B4ADEC5005CE246 /* My_College_BuilderUITests.swift */; };
/* End PBXBuildFile section */

/* Begin PBXContainerItemProxy section */
		F3DA124E1B4ADEC5005CE246 /* PBXContainerItemProxy */ = {
			isa = PBXContainerItemProxy;
			containerPortal = F3DA12311B4ADEC5005CE246 /* Project object */;
			proxyType = 1;
			remoteGlobalIDString = F3DA12381B4ADEC5005CE246;
			remoteInfo = "My College Builder";
		};
		F3DA12591B4ADEC5005CE246 /* PBXContainerItemProxy */ = {
			isa = PBXContainerItemProxy;
			containerPortal = F3DA12311B4ADEC5005CE246 /* Project object */;
			proxyType = 1;
			remoteGlobalIDString = F3DA12381B4ADEC5005CE246;
			remoteInfo = "My College Builder";
		};
/* End PBXContainerItemProxy section */

/* Begin PBXFileReference section */
		F3129B1C1B4B009300FBFBF2 /* City.swift */ = {isa = PBXFileReference; fileEncoding = 4; lastKnownFileType = sourcecode.swift; path = City.swift; sourceTree = "<group>"; };
		F3129B1E1B4B05E000FBFBF2 /* DetailViewController.swift */ = {isa = PBXFileReference; fileEncoding = 4; lastKnownFileType = sourcecode.swift; path = DetailViewController.swift; sourceTree = "<group>"; };
		F3DA12391B4ADEC5005CE246 /* My College Builder.app */ = {isa = PBXFileReference; explicitFileType = wrapper.application; includeInIndex = 0; path = "My College Builder.app"; sourceTree = BUILT_PRODUCTS_DIR; };
		F3DA123C1B4ADEC5005CE246 /* AppDelegate.swift */ = {isa = PBXFileReference; lastKnownFileType = sourcecode.swift; path = AppDelegate.swift; sourceTree = "<group>"; };
		F3DA123E1B4ADEC5005CE246 /* ViewController.swift */ = {isa = PBXFileReference; lastKnownFileType = sourcecode.swift; path = ViewController.swift; sourceTree = "<group>"; };
		F3DA12411B4ADEC5005CE246 /* Base */ = {isa = PBXFileReference; lastKnownFileType = file.storyboard; name = Base; path = Base.lproj/Main.storyboard; sourceTree = "<group>"; };
		F3DA12431B4ADEC5005CE246 /* Assets.xcassets */ = {isa = PBXFileReference; lastKnownFileType = folder.assetcatalog; path = Assets.xcassets; sourceTree = "<group>"; };
		F3DA12461B4ADEC5005CE246 /* Base */ = {isa = PBXFileReference; lastKnownFileType = file.storyboard; name = Base; path = Base.lproj/LaunchScreen.storyboard; sourceTree = "<group>"; };
		F3DA12481B4ADEC5005CE246 /* Info.plist */ = {isa = PBXFileReference; lastKnownFileType = text.plist.xml; path = Info.plist; sourceTree = "<group>"; };
		F3DA124D1B4ADEC5005CE246 /* My College BuilderTests.xctest */ = {isa = PBXFileReference; explicitFileType = wrapper.cfbundle; includeInIndex = 0; path = "My College BuilderTests.xctest"; sourceTree = BUILT_PRODUCTS_DIR; };
		F3DA12511B4ADEC5005CE246 /* My_College_BuilderTests.swift */ = {isa = PBXFileReference; lastKnownFileType = sourcecode.swift; path = My_College_BuilderTests.swift; sourceTree = "<group>"; };
		F3DA12531B4ADEC5005CE246 /* Info.plist */ = {isa = PBXFileReference; lastKnownFileType = text.plist.xml; path = Info.plist; sourceTree = "<group>"; };
		F3DA12581B4ADEC5005CE246 /* My College BuilderUITests.xctest */ = {isa = PBXFileReference; explicitFileType = wrapper.cfbundle; includeInIndex = 0; path = "My College BuilderUITests.xctest"; sourceTree = BUILT_PRODUCTS_DIR; };
		F3DA125C1B4ADEC5005CE246 /* My_College_BuilderUITests.swift */ = {isa = PBXFileReference; lastKnownFileType = sourcecode.swift; path = My_College_BuilderUITests.swift; sourceTree = "<group>"; };
		F3DA125E1B4ADEC5005CE246 /* Info.plist */ = {isa = PBXFileReference; lastKnownFileType = text.plist.xml; path = Info.plist; sourceTree = "<group>"; };
/* End PBXFileReference section */

/* Begin PBXFrameworksBuildPhase section */
		F3DA12361B4ADEC5005CE246 /* Frameworks */ = {
			isa = PBXFrameworksBuildPhase;
			buildActionMask = 2147483647;
			files = (
			);
			runOnlyForDeploymentPostprocessing = 0;
		};
		F3DA124A1B4ADEC5005CE246 /* Frameworks */ = {
			isa = PBXFrameworksBuildPhase;
			buildActionMask = 2147483647;
			files = (
			);
			runOnlyForDeploymentPostprocessing = 0;
		};
		F3DA12551B4ADEC5005CE246 /* Frameworks */ = {
			isa = PBXFrameworksBuildPhase;
			buildActionMask = 2147483647;
			files = (
			);
			runOnlyForDeploymentPostprocessing = 0;
		};
/* End PBXFrameworksBuildPhase section */

/* Begin PBXGroup section */
		F3DA12301B4ADEC5005CE246 = {
			isa = PBXGroup;
			children = (
				F3DA123B1B4ADEC5005CE246 /* My College Builder */,
				F3DA12501B4ADEC5005CE246 /* My College BuilderTests */,
				F3DA125B1B4ADEC5005CE246 /* My College BuilderUITests */,
				F3DA123A1B4ADEC5005CE246 /* Products */,
			);
			sourceTree = "<group>";
		};
		F3DA123A1B4ADEC5005CE246 /* Products */ = {
			isa = PBXGroup;
			children = (
				F3DA12391B4ADEC5005CE246 /* My College Builder.app */,
				F3DA124D1B4ADEC5005CE246 /* My College BuilderTests.xctest */,
				F3DA12581B4ADEC5005CE246 /* My College BuilderUITests.xctest */,
			);
			name = Products;
			sourceTree = "<group>";
		};
		F3DA123B1B4ADEC5005CE246 /* My College Builder */ = {
			isa = PBXGroup;
			children = (
				F3DA123C1B4ADEC5005CE246 /* AppDelegate.swift */,
				F3DA123E1B4ADEC5005CE246 /* ViewController.swift */,
				F3129B1E1B4B05E000FBFBF2 /* DetailViewController.swift */,
				F3129B1C1B4B009300FBFBF2 /* City.swift */,
				F3DA12401B4ADEC5005CE246 /* Main.storyboard */,
				F3DA12431B4ADEC5005CE246 /* Assets.xcassets */,
				F3DA12451B4ADEC5005CE246 /* LaunchScreen.storyboard */,
				F3DA12481B4ADEC5005CE246 /* Info.plist */,
			);
			path = "My College Builder";
			sourceTree = "<group>";
		};
		F3DA12501B4ADEC5005CE246 /* My College BuilderTests */ = {
			isa = PBXGroup;
			children = (
				F3DA12511B4ADEC5005CE246 /* My_College_BuilderTests.swift */,
				F3DA12531B4ADEC5005CE246 /* Info.plist */,
			);
			path = "My College BuilderTests";
			sourceTree = "<group>";
		};
		F3DA125B1B4ADEC5005CE246 /* My College BuilderUITests */ = {
			isa = PBXGroup;
			children = (
				F3DA125C1B4ADEC5005CE246 /* My_College_BuilderUITests.swift */,
				F3DA125E1B4ADEC5005CE246 /* Info.plist */,
			);
			path = "My College BuilderUITests";
			sourceTree = "<group>";
		};
/* End PBXGroup section */

/* Begin PBXNativeTarget section */
		F3DA12381B4ADEC5005CE246 /* My College Builder */ = {
			isa = PBXNativeTarget;
			buildConfigurationList = F3DA12611B4ADEC5005CE246 /* Build configuration list for PBXNativeTarget "My College Builder" */;
			buildPhases = (
				F3DA12351B4ADEC5005CE246 /* Sources */,
				F3DA12361B4ADEC5005CE246 /* Frameworks */,
				F3DA12371B4ADEC5005CE246 /* Resources */,
			);
			buildRules = (
			);
			dependencies = (
			);
			name = "My College Builder";
			productName = "My College Builder";
			productReference = F3DA12391B4ADEC5005CE246 /* My College Builder.app */;
			productType = "com.apple.product-type.application";
		};
		F3DA124C1B4ADEC5005CE246 /* My College BuilderTests */ = {
			isa = PBXNativeTarget;
			buildConfigurationList = F3DA12641B4ADEC5005CE246 /* Build configuration list for PBXNativeTarget "My College BuilderTests" */;
			buildPhases = (
				F3DA12491B4ADEC5005CE246 /* Sources */,
				F3DA124A1B4ADEC5005CE246 /* Frameworks */,
				F3DA124B1B4ADEC5005CE246 /* Resources */,
			);
			buildRules = (
			);
			dependencies = (
				F3DA124F1B4ADEC5005CE246 /* PBXTargetDependency */,
			);
			name = "My College BuilderTests";
			productName = "My College BuilderTests";
			productReference = F3DA124D1B4ADEC5005CE246 /* My College BuilderTests.xctest */;
			productType = "com.apple.product-type.bundle.unit-test";
		};
		F3DA12571B4ADEC5005CE246 /* My College BuilderUITests */ = {
			isa = PBXNativeTarget;
			buildConfigurationList = F3DA12671B4ADEC5005CE246 /* Build configuration list for PBXNativeTarget "My College BuilderUITests" */;
			buildPhases = (
				F3DA12541B4ADEC5005CE246 /* Sources */,
				F3DA12551B4ADEC5005CE246 /* Frameworks */,
				F3DA12561B4ADEC5005CE246 /* Resources */,
			);
			buildRules = (
			);
			dependencies = (
				F3DA125A1B4ADEC5005CE246 /* PBXTargetDependency */,
			);
			name = "My College BuilderUITests";
			productName = "My College BuilderUITests";
			productReference = F3DA12581B4ADEC5005CE246 /* My College BuilderUITests.xctest */;
			productType = "com.apple.product-type.bundle.ui-testing";
		};
/* End PBXNativeTarget section */

/* Begin PBXProject section */
		F3DA12311B4ADEC5005CE246 /* Project object */ = {
			isa = PBXProject;
			attributes = {
				LastUpgradeCheck = 0700;
				ORGANIZATIONNAME = EGGROLLS;
				TargetAttributes = {
					F3DA12381B4ADEC5005CE246 = {
						CreatedOnToolsVersion = 7.0;
					};
					F3DA124C1B4ADEC5005CE246 = {
						CreatedOnToolsVersion = 7.0;
						TestTargetID = F3DA12381B4ADEC5005CE246;
					};
					F3DA12571B4ADEC5005CE246 = {
						CreatedOnToolsVersion = 7.0;
						TestTargetID = F3DA12381B4ADEC5005CE246;
					};
				};
			};
			buildConfigurationList = F3DA12341B4ADEC5005CE246 /* Build configuration list for PBXProject "My College Builder" */;
			compatibilityVersion = "Xcode 3.2";
			developmentRegion = English;
			hasScannedForEncodings = 0;
			knownRegions = (
				en,
				Base,
			);
			mainGroup = F3DA12301B4ADEC5005CE246;
			productRefGroup = F3DA123A1B4ADEC5005CE246 /* Products */;
			projectDirPath = "";
			projectRoot = "";
			targets = (
				F3DA12381B4ADEC5005CE246 /* My College Builder */,
				F3DA124C1B4ADEC5005CE246 /* My College BuilderTests */,
				F3DA12571B4ADEC5005CE246 /* My College BuilderUITests */,
			);
		};
/* End PBXProject section */

/* Begin PBXResourcesBuildPhase section */
		F3DA12371B4ADEC5005CE246 /* Resources */ = {
			isa = PBXResourcesBuildPhase;
			buildActionMask = 2147483647;
			files = (
				F3DA12471B4ADEC5005CE246 /* LaunchScreen.storyboard in Resources */,
				F3DA12441B4ADEC5005CE246 /* Assets.xcassets in Resources */,
				F3DA12421B4ADEC5005CE246 /* Main.storyboard in Resources */,
			);
			runOnlyForDeploymentPostprocessing = 0;
		};
		F3DA124B1B4ADEC5005CE246 /* Resources */ = {
			isa = PBXResourcesBuildPhase;
			buildActionMask = 2147483647;
			files = (
			);
			runOnlyForDeploymentPostprocessing = 0;
		};
		F3DA12561B4ADEC5005CE246 /* Resources */ = {
			isa = PBXResourcesBuildPhase;
			buildActionMask = 2147483647;
			files = (
			);
			runOnlyForDeploymentPostprocessing = 0;
		};
/* End PBXResourcesBuildPhase section */

/* Begin PBXSourcesBuildPhase section */
		F3DA12351B4ADEC5005CE246 /* Sources */ = {
			isa = PBXSourcesBuildPhase;
			buildActionMask = 2147483647;
			files = (
				F3DA123F1B4ADEC5005CE246 /* ViewController.swift in Sources */,
				F3DA123D1B4ADEC5005CE246 /* AppDelegate.swift in Sources */,
				F3129B1D1B4B009300FBFBF2 /* City.swift in Sources */,
				F3129B1F1B4B05E000FBFBF2 /* DetailViewController.swift in Sources */,
			);
			runOnlyForDeploymentPostprocessing = 0;
		};
		F3DA12491B4ADEC5005CE246 /* Sources */ = {
			isa = PBXSourcesBuildPhase;
			buildActionMask = 2147483647;
			files = (
				F3DA12521B4ADEC5005CE246 /* My_College_BuilderTests.swift in Sources */,
			);
			runOnlyForDeploymentPostprocessing = 0;
		};
		F3DA12541B4ADEC5005CE246 /* Sources */ = {
			isa = PBXSourcesBuildPhase;
			buildActionMask = 2147483647;
			files = (
				F3DA125D1B4ADEC5005CE246 /* My_College_BuilderUITests.swift in Sources */,
			);
			runOnlyForDeploymentPostprocessing = 0;
		};
/* End PBXSourcesBuildPhase section */

/* Begin PBXTargetDependency section */
		F3DA124F1B4ADEC5005CE246 /* PBXTargetDependency */ = {
			isa = PBXTargetDependency;
			target = F3DA12381B4ADEC5005CE246 /* My College Builder */;
			targetProxy = F3DA124E1B4ADEC5005CE246 /* PBXContainerItemProxy */;
		};
		F3DA125A1B4ADEC5005CE246 /* PBXTargetDependency */ = {
			isa = PBXTargetDependency;
			target = F3DA12381B4ADEC5005CE246 /* My College Builder */;
			targetProxy = F3DA12591B4ADEC5005CE246 /* PBXContainerItemProxy */;
		};
/* End PBXTargetDependency section */

/* Begin PBXVariantGroup section */
		F3DA12401B4ADEC5005CE246 /* Main.storyboard */ = {
			isa = PBXVariantGroup;
			children = (
				F3DA12411B4ADEC5005CE246 /* Base */,
			);
			name = Main.storyboard;
			sourceTree = "<group>";
		};
		F3DA12451B4ADEC5005CE246 /* LaunchScreen.storyboard */ = {
			isa = PBXVariantGroup;
			children = (
				F3DA12461B4ADEC5005CE246 /* Base */,
			);
			name = LaunchScreen.storyboard;
			sourceTree = "<group>";
		};
/* End PBXVariantGroup section */

/* Begin XCBuildConfiguration section */
		F3DA125F1B4ADEC5005CE246 /* Debug */ = {
			isa = XCBuildConfiguration;
			buildSettings = {
				ALWAYS_SEARCH_USER_PATHS = NO;
				CLANG_CXX_LANGUAGE_STANDARD = "gnu++0x";
				CLANG_CXX_LIBRARY = "libc++";
				CLANG_ENABLE_MODULES = YES;
				CLANG_ENABLE_OBJC_ARC = YES;
				CLANG_WARN_BOOL_CONVERSION = YES;
				CLANG_WARN_CONSTANT_CONVERSION = YES;
				CLANG_WARN_DIRECT_OBJC_ISA_USAGE = YES_ERROR;
				CLANG_WARN_EMPTY_BODY = YES;
				CLANG_WARN_ENUM_CONVERSION = YES;
				CLANG_WARN_INT_CONVERSION = YES;
				CLANG_WARN_OBJC_ROOT_CLASS = YES_ERROR;
				CLANG_WARN_UNREACHABLE_CODE = YES;
				CLANG_WARN__DUPLICATE_METHOD_MATCH = YES;
				"CODE_SIGN_IDENTITY[sdk=iphoneos*]" = "iPhone Developer";
				COPY_PHASE_STRIP = NO;
				DEBUG_INFORMATION_FORMAT = dwarf;
				ENABLE_STRICT_OBJC_MSGSEND = YES;
				ENABLE_TESTABILITY = YES;
				GCC_C_LANGUAGE_STANDARD = gnu99;
				GCC_DYNAMIC_NO_PIC = NO;
				GCC_NO_COMMON_BLOCKS = YES;
				GCC_OPTIMIZATION_LEVEL = 0;
				GCC_PREPROCESSOR_DEFINITIONS = (
					"DEBUG=1",
					"$(inherited)",
				);
				GCC_WARN_64_TO_32_BIT_CONVERSION = YES;
				GCC_WARN_ABOUT_RETURN_TYPE = YES_ERROR;
				GCC_WARN_UNDECLARED_SELECTOR = YES;
				GCC_WARN_UNINITIALIZED_AUTOS = YES_AGGRESSIVE;
				GCC_WARN_UNUSED_FUNCTION = YES;
				GCC_WARN_UNUSED_VARIABLE = YES;
				IPHONEOS_DEPLOYMENT_TARGET = 9.0;
				MTL_ENABLE_DEBUG_INFO = YES;
				ONLY_ACTIVE_ARCH = YES;
				SDKROOT = iphoneos;
				SWIFT_OPTIMIZATION_LEVEL = "-Onone";
				TARGETED_DEVICE_FAMILY = "1,2";
			};
			name = Debug;
		};
		F3DA12601B4ADEC5005CE246 /* Release */ = {
			isa = XCBuildConfiguration;
			buildSettings = {
				ALWAYS_SEARCH_USER_PATHS = NO;
				CLANG_CXX_LANGUAGE_STANDARD = "gnu++0x";
				CLANG_CXX_LIBRARY = "libc++";
				CLANG_ENABLE_MODULES = YES;
				CLANG_ENABLE_OBJC_ARC = YES;
				CLANG_WARN_BOOL_CONVERSION = YES;
				CLANG_WARN_CONSTANT_CONVERSION = YES;
				CLANG_WARN_DIRECT_OBJC_ISA_USAGE = YES_ERROR;
				CLANG_WARN_EMPTY_BODY = YES;
				CLANG_WARN_ENUM_CONVERSION = YES;
				CLANG_WARN_INT_CONVERSION = YES;
				CLANG_WARN_OBJC_ROOT_CLASS = YES_ERROR;
				CLANG_WARN_UNREACHABLE_CODE = YES;
				CLANG_WARN__DUPLICATE_METHOD_MATCH = YES;
				"CODE_SIGN_IDENTITY[sdk=iphoneos*]" = "iPhone Developer";
				COPY_PHASE_STRIP = NO;
				DEBUG_INFORMATION_FORMAT = "dwarf-with-dsym";
				ENABLE_NS_ASSERTIONS = NO;
				ENABLE_STRICT_OBJC_MSGSEND = YES;
				GCC_C_LANGUAGE_STANDARD = gnu99;
				GCC_NO_COMMON_BLOCKS = YES;
				GCC_WARN_64_TO_32_BIT_CONVERSION = YES;
				GCC_WARN_ABOUT_RETURN_TYPE = YES_ERROR;
				GCC_WARN_UNDECLARED_SELECTOR = YES;
				GCC_WARN_UNINITIALIZED_AUTOS = YES_AGGRESSIVE;
				GCC_WARN_UNUSED_FUNCTION = YES;
				GCC_WARN_UNUSED_VARIABLE = YES;
				IPHONEOS_DEPLOYMENT_TARGET = 9.0;
				MTL_ENABLE_DEBUG_INFO = NO;
				SDKROOT = iphoneos;
				TARGETED_DEVICE_FAMILY = "1,2";
				VALIDATE_PRODUCT = YES;
			};
			name = Release;
		};
		F3DA12621B4ADEC5005CE246 /* Debug */ = {
			isa = XCBuildConfiguration;
			buildSettings = {
				ASSETCATALOG_COMPILER_APPICON_NAME = AppIcon;
				INFOPLIST_FILE = "My College Builder/Info.plist";
				LD_RUNPATH_SEARCH_PATHS = "$(inherited) @executable_path/Frameworks";
				PRODUCT_BUNDLE_IDENTIFIER = "com.Zhu.My-College-Builder";
				PRODUCT_NAME = "$(TARGET_NAME)";
			};
			name = Debug;
		};
		F3DA12631B4ADEC5005CE246 /* Release */ = {
			isa = XCBuildConfiguration;
			buildSettings = {
				ASSETCATALOG_COMPILER_APPICON_NAME = AppIcon;
				INFOPLIST_FILE = "My College Builder/Info.plist";
				LD_RUNPATH_SEARCH_PATHS = "$(inherited) @executable_path/Frameworks";
				PRODUCT_BUNDLE_IDENTIFIER = "com.Zhu.My-College-Builder";
				PRODUCT_NAME = "$(TARGET_NAME)";
			};
			name = Release;
		};
		F3DA12651B4ADEC5005CE246 /* Debug */ = {
			isa = XCBuildConfiguration;
			buildSettings = {
				BUNDLE_LOADER = "$(TEST_HOST)";
				INFOPLIST_FILE = "My College BuilderTests/Info.plist";
				LD_RUNPATH_SEARCH_PATHS = "$(inherited) @executable_path/Frameworks @loader_path/Frameworks";
				PRODUCT_BUNDLE_IDENTIFIER = "com.Zhu.My-College-BuilderTests";
				PRODUCT_NAME = "$(TARGET_NAME)";
				TEST_HOST = "$(BUILT_PRODUCTS_DIR)/My College Builder.app/My College Builder";
			};
			name = Debug;
		};
		F3DA12661B4ADEC5005CE246 /* Release */ = {
			isa = XCBuildConfiguration;
			buildSettings = {
				BUNDLE_LOADER = "$(TEST_HOST)";
				INFOPLIST_FILE = "My College BuilderTests/Info.plist";
				LD_RUNPATH_SEARCH_PATHS = "$(inherited) @executable_path/Frameworks @loader_path/Frameworks";
				PRODUCT_BUNDLE_IDENTIFIER = "com.Zhu.My-College-BuilderTests";
				PRODUCT_NAME = "$(TARGET_NAME)";
				TEST_HOST = "$(BUILT_PRODUCTS_DIR)/My College Builder.app/My College Builder";
			};
			name = Release;
		};
		F3DA12681B4ADEC5005CE246 /* Debug */ = {
			isa = XCBuildConfiguration;
			buildSettings = {
				INFOPLIST_FILE = "My College BuilderUITests/Info.plist";
				LD_RUNPATH_SEARCH_PATHS = "$(inherited) @executable_path/Frameworks @loader_path/Frameworks";
				PRODUCT_BUNDLE_IDENTIFIER = "com.Zhu.My-College-BuilderUITests";
				PRODUCT_NAME = "$(TARGET_NAME)";
				TEST_TARGET_NAME = "My College Builder";
				USES_XCTRUNNER = YES;
			};
			name = Debug;
		};
		F3DA12691B4ADEC5005CE246 /* Release */ = {
			isa = XCBuildConfiguration;
			buildSettings = {
				INFOPLIST_FILE = "My College BuilderUITests/Info.plist";
				LD_RUNPATH_SEARCH_PATHS = "$(inherited) @executable_path/Frameworks @loader_path/Frameworks";
				PRODUCT_BUNDLE_IDENTIFIER = "com.Zhu.My-College-BuilderUITests";
				PRODUCT_NAME = "$(TARGET_NAME)";
				TEST_TARGET_NAME = "My College Builder";
				USES_XCTRUNNER = YES;
			};
			name = Release;
		};
/* End XCBuildConfiguration section */

/* Begin XCConfigurationList section */
		F3DA12341B4ADEC5005CE246 /* Build configuration list for PBXProject "My College Builder" */ = {
			isa = XCConfigurationList;
			buildConfigurations = (
				F3DA125F1B4ADEC5005CE246 /* Debug */,
				F3DA12601B4ADEC5005CE246 /* Release */,
			);
			defaultConfigurationIsVisible = 0;
			defaultConfigurationName = Release;
		};
		F3DA12611B4ADEC5005CE246 /* Build configuration list for PBXNativeTarget "My College Builder" */ = {
			isa = XCConfigurationList;
			buildConfigurations = (
				F3DA12621B4ADEC5005CE246 /* Debug */,
				F3DA12631B4ADEC5005CE246 /* Release */,
			);
			defaultConfigurationIsVisible = 0;
			defaultConfigurationName = Release;
		};
		F3DA12641B4ADEC5005CE246 /* Build configuration list for PBXNativeTarget "My College BuilderTests" */ = {
			isa = XCConfigurationList;
			buildConfigurations = (
				F3DA12651B4ADEC5005CE246 /* Debug */,
				F3DA12661B4ADEC5005CE246 /* Release */,
			);
			defaultConfigurationIsVisible = 0;
			defaultConfigurationName = Release;
		};
		F3DA12671B4ADEC5005CE246 /* Build configuration list for PBXNativeTarget "My College BuilderUITests" */ = {
			isa = XCConfigurationList;
			buildConfigurations = (
				F3DA12681B4ADEC5005CE246 /* Debug */,
				F3DA12691B4ADEC5005CE246 /* Release */,
			);
			defaultConfigurationIsVisible = 0;
			defaultConfigurationName = Release;
		};
/* End XCConfigurationList section */
	};
	rootObject = F3DA12311B4ADEC5005CE246 /* Project object */;
}
