// !$*UTF8*$!
{
	archiveVersion = 1;
	classes = {
	};
	objectVersion = 46;
	objects = {

/* Begin PBXBuildFile section */
		F3129B2D1B4B0C0200FBFBF2 /* AppDelegate.swift in Sources */ = {isa = PBXBuildFile; fileRef = F3129B2C1B4B0C0200FBFBF2 /* AppDelegate.swift */; };
		F3129B2F1B4B0C0200FBFBF2 /* ViewController.swift in Sources */ = {isa = PBXBuildFile; fileRef = F3129B2E1B4B0C0200FBFBF2 /* ViewController.swift */; };
		F3129B321B4B0C0200FBFBF2 /* Main.storyboard in Resources */ = {isa = PBXBuildFile; fileRef = F3129B301B4B0C0200FBFBF2 /* Main.storyboard */; };
		F3129B341B4B0C0200FBFBF2 /* Assets.xcassets in Resources */ = {isa = PBXBuildFile; fileRef = F3129B331B4B0C0200FBFBF2 /* Assets.xcassets */; };
		F3129B371B4B0C0200FBFBF2 /* LaunchScreen.storyboard in Resources */ = {isa = PBXBuildFile; fileRef = F3129B351B4B0C0200FBFBF2 /* LaunchScreen.storyboard */; };
		F3129B421B4B0C0200FBFBF2 /* The_Actual_College_PickerTests.swift in Sources */ = {isa = PBXBuildFile; fileRef = F3129B411B4B0C0200FBFBF2 /* The_Actual_College_PickerTests.swift */; };
		F3129B4D1B4B0C0200FBFBF2 /* The_Actual_College_PickerUITests.swift in Sources */ = {isa = PBXBuildFile; fileRef = F3129B4C1B4B0C0200FBFBF2 /* The_Actual_College_PickerUITests.swift */; };
		F3DB25EF1B4B68190036C4AA /* College.swift in Sources */ = {isa = PBXBuildFile; fileRef = F3DB25EE1B4B68190036C4AA /* College.swift */; };
		F3DB26A31B4C47800036C4AA /* DetailViewController.swift in Sources */ = {isa = PBXBuildFile; fileRef = F3DB26A21B4C47800036C4AA /* DetailViewController.swift */; };
/* End PBXBuildFile section */

/* Begin PBXContainerItemProxy section */
		F3129B3E1B4B0C0200FBFBF2 /* PBXContainerItemProxy */ = {
			isa = PBXContainerItemProxy;
			containerPortal = F3129B211B4B0C0200FBFBF2 /* Project object */;
			proxyType = 1;
			remoteGlobalIDString = F3129B281B4B0C0200FBFBF2;
			remoteInfo = "The Actual College Picker";
		};
		F3129B491B4B0C0200FBFBF2 /* PBXContainerItemProxy */ = {
			isa = PBXContainerItemProxy;
			containerPortal = F3129B211B4B0C0200FBFBF2 /* Project object */;
			proxyType = 1;
			remoteGlobalIDString = F3129B281B4B0C0200FBFBF2;
			remoteInfo = "The Actual College Picker";
		};
/* End PBXContainerItemProxy section */

/* Begin PBXFileReference section */
		F3129B291B4B0C0200FBFBF2 /* The Actual College Picker.app */ = {isa = PBXFileReference; explicitFileType = wrapper.application; includeInIndex = 0; path = "The Actual College Picker.app"; sourceTree = BUILT_PRODUCTS_DIR; };
		F3129B2C1B4B0C0200FBFBF2 /* AppDelegate.swift */ = {isa = PBXFileReference; lastKnownFileType = sourcecode.swift; path = AppDelegate.swift; sourceTree = "<group>"; };
		F3129B2E1B4B0C0200FBFBF2 /* ViewController.swift */ = {isa = PBXFileReference; lastKnownFileType = sourcecode.swift; path = ViewController.swift; sourceTree = "<group>"; };
		F3129B311B4B0C0200FBFBF2 /* Base */ = {isa = PBXFileReference; lastKnownFileType = file.storyboard; name = Base; path = Base.lproj/Main.storyboard; sourceTree = "<group>"; };
		F3129B331B4B0C0200FBFBF2 /* Assets.xcassets */ = {isa = PBXFileReference; lastKnownFileType = folder.assetcatalog; path = Assets.xcassets; sourceTree = "<group>"; };
		F3129B361B4B0C0200FBFBF2 /* Base */ = {isa = PBXFileReference; lastKnownFileType = file.storyboard; name = Base; path = Base.lproj/LaunchScreen.storyboard; sourceTree = "<group>"; };
		F3129B381B4B0C0200FBFBF2 /* Info.plist */ = {isa = PBXFileReference; lastKnownFileType = text.plist.xml; path = Info.plist; sourceTree = "<group>"; };
		F3129B3D1B4B0C0200FBFBF2 /* The Actual College PickerTests.xctest */ = {isa = PBXFileReference; explicitFileType = wrapper.cfbundle; includeInIndex = 0; path = "The Actual College PickerTests.xctest"; sourceTree = BUILT_PRODUCTS_DIR; };
		F3129B411B4B0C0200FBFBF2 /* The_Actual_College_PickerTests.swift */ = {isa = PBXFileReference; lastKnownFileType = sourcecode.swift; path = The_Actual_College_PickerTests.swift; sourceTree = "<group>"; };
		F3129B431B4B0C0200FBFBF2 /* Info.plist */ = {isa = PBXFileReference; lastKnownFileType = text.plist.xml; path = Info.plist; sourceTree = "<group>"; };
		F3129B481B4B0C0200FBFBF2 /* The Actual College PickerUITests.xctest */ = {isa = PBXFileReference; explicitFileType = wrapper.cfbundle; includeInIndex = 0; path = "The Actual College PickerUITests.xctest"; sourceTree = BUILT_PRODUCTS_DIR; };
		F3129B4C1B4B0C0200FBFBF2 /* The_Actual_College_PickerUITests.swift */ = {isa = PBXFileReference; lastKnownFileType = sourcecode.swift; path = The_Actual_College_PickerUITests.swift; sourceTree = "<group>"; };
		F3129B4E1B4B0C0200FBFBF2 /* Info.plist */ = {isa = PBXFileReference; lastKnownFileType = text.plist.xml; path = Info.plist; sourceTree = "<group>"; };
		F3DB25EE1B4B68190036C4AA /* College.swift */ = {isa = PBXFileReference; fileEncoding = 4; lastKnownFileType = sourcecode.swift; name = College.swift; path = ../College.swift; sourceTree = "<group>"; };
		F3DB26A21B4C47800036C4AA /* DetailViewController.swift */ = {isa = PBXFileReference; fileEncoding = 4; lastKnownFileType = sourcecode.swift; path = DetailViewController.swift; sourceTree = "<group>"; };
/* End PBXFileReference section */

/* Begin PBXFrameworksBuildPhase section */
		F3129B261B4B0C0200FBFBF2 /* Frameworks */ = {
			isa = PBXFrameworksBuildPhase;
			buildActionMask = 2147483647;
			files = (
			);
			runOnlyForDeploymentPostprocessing = 0;
		};
		F3129B3A1B4B0C0200FBFBF2 /* Frameworks */ = {
			isa = PBXFrameworksBuildPhase;
			buildActionMask = 2147483647;
			files = (
			);
			runOnlyForDeploymentPostprocessing = 0;
		};
		F3129B451B4B0C0200FBFBF2 /* Frameworks */ = {
			isa = PBXFrameworksBuildPhase;
			buildActionMask = 2147483647;
			files = (
			);
			runOnlyForDeploymentPostprocessing = 0;
		};
/* End PBXFrameworksBuildPhase section */

/* Begin PBXGroup section */
		F3129B201B4B0C0200FBFBF2 = {
			isa = PBXGroup;
			children = (
				F3129B2B1B4B0C0200FBFBF2 /* The Actual College Picker */,
				F3129B401B4B0C0200FBFBF2 /* The Actual College PickerTests */,
				F3129B4B1B4B0C0200FBFBF2 /* The Actual College PickerUITests */,
				F3129B2A1B4B0C0200FBFBF2 /* Products */,
			);
			sourceTree = "<group>";
		};
		F3129B2A1B4B0C0200FBFBF2 /* Products */ = {
			isa = PBXGroup;
			children = (
				F3129B291B4B0C0200FBFBF2 /* The Actual College Picker.app */,
				F3129B3D1B4B0C0200FBFBF2 /* The Actual College PickerTests.xctest */,
				F3129B481B4B0C0200FBFBF2 /* The Actual College PickerUITests.xctest */,
			);
			name = Products;
			sourceTree = "<group>";
		};
		F3129B2B1B4B0C0200FBFBF2 /* The Actual College Picker */ = {
			isa = PBXGroup;
			children = (
				F3129B2C1B4B0C0200FBFBF2 /* AppDelegate.swift */,
				F3DB25EE1B4B68190036C4AA /* College.swift */,
				F3129B2E1B4B0C0200FBFBF2 /* ViewController.swift */,
				F3DB26A21B4C47800036C4AA /* DetailViewController.swift */,
				F3129B301B4B0C0200FBFBF2 /* Main.storyboard */,
				F3129B331B4B0C0200FBFBF2 /* Assets.xcassets */,
				F3129B351B4B0C0200FBFBF2 /* LaunchScreen.storyboard */,
				F3129B381B4B0C0200FBFBF2 /* Info.plist */,
			);
			path = "The Actual College Picker";
			sourceTree = "<group>";
		};
		F3129B401B4B0C0200FBFBF2 /* The Actual College PickerTests */ = {
			isa = PBXGroup;
			children = (
				F3129B411B4B0C0200FBFBF2 /* The_Actual_College_PickerTests.swift */,
				F3129B431B4B0C0200FBFBF2 /* Info.plist */,
			);
			path = "The Actual College PickerTests";
			sourceTree = "<group>";
		};
		F3129B4B1B4B0C0200FBFBF2 /* The Actual College PickerUITests */ = {
			isa = PBXGroup;
			children = (
				F3129B4C1B4B0C0200FBFBF2 /* The_Actual_College_PickerUITests.swift */,
				F3129B4E1B4B0C0200FBFBF2 /* Info.plist */,
			);
			path = "The Actual College PickerUITests";
			sourceTree = "<group>";
		};
/* End PBXGroup section */

/* Begin PBXNativeTarget section */
		F3129B281B4B0C0200FBFBF2 /* The Actual College Picker */ = {
			isa = PBXNativeTarget;
			buildConfigurationList = F3129B511B4B0C0200FBFBF2 /* Build configuration list for PBXNativeTarget "The Actual College Picker" */;
			buildPhases = (
				F3129B251B4B0C0200FBFBF2 /* Sources */,
				F3129B261B4B0C0200FBFBF2 /* Frameworks */,
				F3129B271B4B0C0200FBFBF2 /* Resources */,
			);
			buildRules = (
			);
			dependencies = (
			);
			name = "The Actual College Picker";
			productName = "The Actual College Picker";
			productReference = F3129B291B4B0C0200FBFBF2 /* The Actual College Picker.app */;
			productType = "com.apple.product-type.application";
		};
		F3129B3C1B4B0C0200FBFBF2 /* The Actual College PickerTests */ = {
			isa = PBXNativeTarget;
			buildConfigurationList = F3129B541B4B0C0200FBFBF2 /* Build configuration list for PBXNativeTarget "The Actual College PickerTests" */;
			buildPhases = (
				F3129B391B4B0C0200FBFBF2 /* Sources */,
				F3129B3A1B4B0C0200FBFBF2 /* Frameworks */,
				F3129B3B1B4B0C0200FBFBF2 /* Resources */,
			);
			buildRules = (
			);
			dependencies = (
				F3129B3F1B4B0C0200FBFBF2 /* PBXTargetDependency */,
			);
			name = "The Actual College PickerTests";
			productName = "The Actual College PickerTests";
			productReference = F3129B3D1B4B0C0200FBFBF2 /* The Actual College PickerTests.xctest */;
			productType = "com.apple.product-type.bundle.unit-test";
		};
		F3129B471B4B0C0200FBFBF2 /* The Actual College PickerUITests */ = {
			isa = PBXNativeTarget;
			buildConfigurationList = F3129B571B4B0C0200FBFBF2 /* Build configuration list for PBXNativeTarget "The Actual College PickerUITests" */;
			buildPhases = (
				F3129B441B4B0C0200FBFBF2 /* Sources */,
				F3129B451B4B0C0200FBFBF2 /* Frameworks */,
				F3129B461B4B0C0200FBFBF2 /* Resources */,
			);
			buildRules = (
			);
			dependencies = (
				F3129B4A1B4B0C0200FBFBF2 /* PBXTargetDependency */,
			);
			name = "The Actual College PickerUITests";
			productName = "The Actual College PickerUITests";
			productReference = F3129B481B4B0C0200FBFBF2 /* The Actual College PickerUITests.xctest */;
			productType = "com.apple.product-type.bundle.ui-testing";
		};
/* End PBXNativeTarget section */

/* Begin PBXProject section */
		F3129B211B4B0C0200FBFBF2 /* Project object */ = {
			isa = PBXProject;
			attributes = {
				LastUpgradeCheck = 0700;
				ORGANIZATIONNAME = EGGROLLS;
				TargetAttributes = {
					F3129B281B4B0C0200FBFBF2 = {
						CreatedOnToolsVersion = 7.0;
					};
					F3129B3C1B4B0C0200FBFBF2 = {
						CreatedOnToolsVersion = 7.0;
						TestTargetID = F3129B281B4B0C0200FBFBF2;
					};
					F3129B471B4B0C0200FBFBF2 = {
						CreatedOnToolsVersion = 7.0;
						TestTargetID = F3129B281B4B0C0200FBFBF2;
					};
				};
			};
			buildConfigurationList = F3129B241B4B0C0200FBFBF2 /* Build configuration list for PBXProject "The Actual College Picker" */;
			compatibilityVersion = "Xcode 3.2";
			developmentRegion = English;
			hasScannedForEncodings = 0;
			knownRegions = (
				en,
				Base,
			);
			mainGroup = F3129B201B4B0C0200FBFBF2;
			productRefGroup = F3129B2A1B4B0C0200FBFBF2 /* Products */;
			projectDirPath = "";
			projectRoot = "";
			targets = (
				F3129B281B4B0C0200FBFBF2 /* The Actual College Picker */,
				F3129B3C1B4B0C0200FBFBF2 /* The Actual College PickerTests */,
				F3129B471B4B0C0200FBFBF2 /* The Actual College PickerUITests */,
			);
		};
/* End PBXProject section */

/* Begin PBXResourcesBuildPhase section */
		F3129B271B4B0C0200FBFBF2 /* Resources */ = {
			isa = PBXResourcesBuildPhase;
			buildActionMask = 2147483647;
			files = (
				F3129B371B4B0C0200FBFBF2 /* LaunchScreen.storyboard in Resources */,
				F3129B341B4B0C0200FBFBF2 /* Assets.xcassets in Resources */,
				F3129B321B4B0C0200FBFBF2 /* Main.storyboard in Resources */,
			);
			runOnlyForDeploymentPostprocessing = 0;
		};
		F3129B3B1B4B0C0200FBFBF2 /* Resources */ = {
			isa = PBXResourcesBuildPhase;
			buildActionMask = 2147483647;
			files = (
			);
			runOnlyForDeploymentPostprocessing = 0;
		};
		F3129B461B4B0C0200FBFBF2 /* Resources */ = {
			isa = PBXResourcesBuildPhase;
			buildActionMask = 2147483647;
			files = (
			);
			runOnlyForDeploymentPostprocessing = 0;
		};
/* End PBXResourcesBuildPhase section */

/* Begin PBXSourcesBuildPhase section */
		F3129B251B4B0C0200FBFBF2 /* Sources */ = {
			isa = PBXSourcesBuildPhase;
			buildActionMask = 2147483647;
			files = (
				F3129B2F1B4B0C0200FBFBF2 /* ViewController.swift in Sources */,
				F3129B2D1B4B0C0200FBFBF2 /* AppDelegate.swift in Sources */,
				F3DB25EF1B4B68190036C4AA /* College.swift in Sources */,
				F3DB26A31B4C47800036C4AA /* DetailViewController.swift in Sources */,
			);
			runOnlyForDeploymentPostprocessing = 0;
		};
		F3129B391B4B0C0200FBFBF2 /* Sources */ = {
			isa = PBXSourcesBuildPhase;
			buildActionMask = 2147483647;
			files = (
				F3129B421B4B0C0200FBFBF2 /* The_Actual_College_PickerTests.swift in Sources */,
			);
			runOnlyForDeploymentPostprocessing = 0;
		};
		F3129B441B4B0C0200FBFBF2 /* Sources */ = {
			isa = PBXSourcesBuildPhase;
			buildActionMask = 2147483647;
			files = (
				F3129B4D1B4B0C0200FBFBF2 /* The_Actual_College_PickerUITests.swift in Sources */,
			);
			runOnlyForDeploymentPostprocessing = 0;
		};
/* End PBXSourcesBuildPhase section */

/* Begin PBXTargetDependency section */
		F3129B3F1B4B0C0200FBFBF2 /* PBXTargetDependency */ = {
			isa = PBXTargetDependency;
			target = F3129B281B4B0C0200FBFBF2 /* The Actual College Picker */;
			targetProxy = F3129B3E1B4B0C0200FBFBF2 /* PBXContainerItemProxy */;
		};
		F3129B4A1B4B0C0200FBFBF2 /* PBXTargetDependency */ = {
			isa = PBXTargetDependency;
			target = F3129B281B4B0C0200FBFBF2 /* The Actual College Picker */;
			targetProxy = F3129B491B4B0C0200FBFBF2 /* PBXContainerItemProxy */;
		};
/* End PBXTargetDependency section */

/* Begin PBXVariantGroup section */
		F3129B301B4B0C0200FBFBF2 /* Main.storyboard */ = {
			isa = PBXVariantGroup;
			children = (
				F3129B311B4B0C0200FBFBF2 /* Base */,
			);
			name = Main.storyboard;
			sourceTree = "<group>";
		};
		F3129B351B4B0C0200FBFBF2 /* LaunchScreen.storyboard */ = {
			isa = PBXVariantGroup;
			children = (
				F3129B361B4B0C0200FBFBF2 /* Base */,
			);
			name = LaunchScreen.storyboard;
			sourceTree = "<group>";
		};
/* End PBXVariantGroup section */

/* Begin XCBuildConfiguration section */
		F3129B4F1B4B0C0200FBFBF2 /* Debug */ = {
			isa = XCBuildConfiguration;
			buildSettings = {
				ALWAYS_SEARCH_USER_PATHS = NO;
				CLANG_CXX_LANGUAGE_STANDARD = "gnu++0x";
				CLANG_CXX_LIBRARY = "libc++";
				CLANG_ENABLE_MODULES = YES;
				CLANG_ENABLE_OBJC_ARC = YES;
				CLANG_WARN_BOOL_CONVERSION = YES;
				CLANG_WARN_CONSTANT_CONVERSION = YES;
				CLANG_WARN_DIRECT_OBJC_ISA_USAGE = YES_ERROR;
				CLANG_WARN_EMPTY_BODY = YES;
				CLANG_WARN_ENUM_CONVERSION = YES;
				CLANG_WARN_INT_CONVERSION = YES;
				CLANG_WARN_OBJC_ROOT_CLASS = YES_ERROR;
				CLANG_WARN_UNREACHABLE_CODE = YES;
				CLANG_WARN__DUPLICATE_METHOD_MATCH = YES;
				"CODE_SIGN_IDENTITY[sdk=iphoneos*]" = "iPhone Developer";
				COPY_PHASE_STRIP = NO;
				DEBUG_INFORMATION_FORMAT = dwarf;
				ENABLE_STRICT_OBJC_MSGSEND = YES;
				ENABLE_TESTABILITY = YES;
				GCC_C_LANGUAGE_STANDARD = gnu99;
				GCC_DYNAMIC_NO_PIC = NO;
				GCC_NO_COMMON_BLOCKS = YES;
				GCC_OPTIMIZATION_LEVEL = 0;
				GCC_PREPROCESSOR_DEFINITIONS = (
					"DEBUG=1",
					"$(inherited)",
				);
				GCC_WARN_64_TO_32_BIT_CONVERSION = YES;
				GCC_WARN_ABOUT_RETURN_TYPE = YES_ERROR;
				GCC_WARN_UNDECLARED_SELECTOR = YES;
				GCC_WARN_UNINITIALIZED_AUTOS = YES_AGGRESSIVE;
				GCC_WARN_UNUSED_FUNCTION = YES;
				GCC_WARN_UNUSED_VARIABLE = YES;
				IPHONEOS_DEPLOYMENT_TARGET = 9.0;
				MTL_ENABLE_DEBUG_INFO = YES;
				ONLY_ACTIVE_ARCH = YES;
				SDKROOT = iphoneos;
				SWIFT_OPTIMIZATION_LEVEL = "-Onone";
				TARGETED_DEVICE_FAMILY = "1,2";
			};
			name = Debug;
		};
		F3129B501B4B0C0200FBFBF2 /* Release */ = {
			isa = XCBuildConfiguration;
			buildSettings = {
				ALWAYS_SEARCH_USER_PATHS = NO;
				CLANG_CXX_LANGUAGE_STANDARD = "gnu++0x";
				CLANG_CXX_LIBRARY = "libc++";
				CLANG_ENABLE_MODULES = YES;
				CLANG_ENABLE_OBJC_ARC = YES;
				CLANG_WARN_BOOL_CONVERSION = YES;
				CLANG_WARN_CONSTANT_CONVERSION = YES;
				CLANG_WARN_DIRECT_OBJC_ISA_USAGE = YES_ERROR;
				CLANG_WARN_EMPTY_BODY = YES;
				CLANG_WARN_ENUM_CONVERSION = YES;
				CLANG_WARN_INT_CONVERSION = YES;
				CLANG_WARN_OBJC_ROOT_CLASS = YES_ERROR;
				CLANG_WARN_UNREACHABLE_CODE = YES;
				CLANG_WARN__DUPLICATE_METHOD_MATCH = YES;
				"CODE_SIGN_IDENTITY[sdk=iphoneos*]" = "iPhone Developer";
				COPY_PHASE_STRIP = NO;
				DEBUG_INFORMATION_FORMAT = "dwarf-with-dsym";
				ENABLE_NS_ASSERTIONS = NO;
				ENABLE_STRICT_OBJC_MSGSEND = YES;
				GCC_C_LANGUAGE_STANDARD = gnu99;
				GCC_NO_COMMON_BLOCKS = YES;
				GCC_WARN_64_TO_32_BIT_CONVERSION = YES;
				GCC_WARN_ABOUT_RETURN_TYPE = YES_ERROR;
				GCC_WARN_UNDECLARED_SELECTOR = YES;
				GCC_WARN_UNINITIALIZED_AUTOS = YES_AGGRESSIVE;
				GCC_WARN_UNUSED_FUNCTION = YES;
				GCC_WARN_UNUSED_VARIABLE = YES;
				IPHONEOS_DEPLOYMENT_TARGET = 9.0;
				MTL_ENABLE_DEBUG_INFO = NO;
				SDKROOT = iphoneos;
				TARGETED_DEVICE_FAMILY = "1,2";
				VALIDATE_PRODUCT = YES;
			};
			name = Release;
		};
		F3129B521B4B0C0200FBFBF2 /* Debug */ = {
			isa = XCBuildConfiguration;
			buildSettings = {
				ASSETCATALOG_COMPILER_APPICON_NAME = AppIcon;
				INFOPLIST_FILE = "The Actual College Picker/Info.plist";
				LD_RUNPATH_SEARCH_PATHS = "$(inherited) @executable_path/Frameworks";
				PRODUCT_BUNDLE_IDENTIFIER = "com.Zhu.The-Actual-College-Picker";
				PRODUCT_NAME = "$(TARGET_NAME)";
			};
			name = Debug;
		};
		F3129B531B4B0C0200FBFBF2 /* Release */ = {
			isa = XCBuildConfiguration;
			buildSettings = {
				ASSETCATALOG_COMPILER_APPICON_NAME = AppIcon;
				INFOPLIST_FILE = "The Actual College Picker/Info.plist";
				LD_RUNPATH_SEARCH_PATHS = "$(inherited) @executable_path/Frameworks";
				PRODUCT_BUNDLE_IDENTIFIER = "com.Zhu.The-Actual-College-Picker";
				PRODUCT_NAME = "$(TARGET_NAME)";
			};
			name = Release;
		};
		F3129B551B4B0C0200FBFBF2 /* Debug */ = {
			isa = XCBuildConfiguration;
			buildSettings = {
				BUNDLE_LOADER = "$(TEST_HOST)";
				INFOPLIST_FILE = "The Actual College PickerTests/Info.plist";
				LD_RUNPATH_SEARCH_PATHS = "$(inherited) @executable_path/Frameworks @loader_path/Frameworks";
				PRODUCT_BUNDLE_IDENTIFIER = "com.Zhu.The-Actual-College-PickerTests";
				PRODUCT_NAME = "$(TARGET_NAME)";
				TEST_HOST = "$(BUILT_PRODUCTS_DIR)/The Actual College Picker.app/The Actual College Picker";
			};
			name = Debug;
		};
		F3129B561B4B0C0200FBFBF2 /* Release */ = {
			isa = XCBuildConfiguration;
			buildSettings = {
				BUNDLE_LOADER = "$(TEST_HOST)";
				INFOPLIST_FILE = "The Actual College PickerTests/Info.plist";
				LD_RUNPATH_SEARCH_PATHS = "$(inherited) @executable_path/Frameworks @loader_path/Frameworks";
				PRODUCT_BUNDLE_IDENTIFIER = "com.Zhu.The-Actual-College-PickerTests";
				PRODUCT_NAME = "$(TARGET_NAME)";
				TEST_HOST = "$(BUILT_PRODUCTS_DIR)/The Actual College Picker.app/The Actual College Picker";
			};
			name = Release;
		};
		F3129B581B4B0C0200FBFBF2 /* Debug */ = {
			isa = XCBuildConfiguration;
			buildSettings = {
				INFOPLIST_FILE = "The Actual College PickerUITests/Info.plist";
				LD_RUNPATH_SEARCH_PATHS = "$(inherited) @executable_path/Frameworks @loader_path/Frameworks";
				PRODUCT_BUNDLE_IDENTIFIER = "com.Zhu.The-Actual-College-PickerUITests";
				PRODUCT_NAME = "$(TARGET_NAME)";
				TEST_TARGET_NAME = "The Actual College Picker";
				USES_XCTRUNNER = YES;
			};
			name = Debug;
		};
		F3129B591B4B0C0200FBFBF2 /* Release */ = {
			isa = XCBuildConfiguration;
			buildSettings = {
				INFOPLIST_FILE = "The Actual College PickerUITests/Info.plist";
				LD_RUNPATH_SEARCH_PATHS = "$(inherited) @executable_path/Frameworks @loader_path/Frameworks";
				PRODUCT_BUNDLE_IDENTIFIER = "com.Zhu.The-Actual-College-PickerUITests";
				PRODUCT_NAME = "$(TARGET_NAME)";
				TEST_TARGET_NAME = "The Actual College Picker";
				USES_XCTRUNNER = YES;
			};
			name = Release;
		};
/* End XCBuildConfiguration section */

/* Begin XCConfigurationList section */
		F3129B241B4B0C0200FBFBF2 /* Build configuration list for PBXProject "The Actual College Picker" */ = {
			isa = XCConfigurationList;
			buildConfigurations = (
				F3129B4F1B4B0C0200FBFBF2 /* Debug */,
				F3129B501B4B0C0200FBFBF2 /* Release */,
			);
			defaultConfigurationIsVisible = 0;
			defaultConfigurationName = Release;
		};
		F3129B511B4B0C0200FBFBF2 /* Build configuration list for PBXNativeTarget "The Actual College Picker" */ = {
			isa = XCConfigurationList;
			buildConfigurations = (
				F3129B521B4B0C0200FBFBF2 /* Debug */,
				F3129B531B4B0C0200FBFBF2 /* Release */,
			);
			defaultConfigurationIsVisible = 0;
			defaultConfigurationName = Release;
		};
		F3129B541B4B0C0200FBFBF2 /* Build configuration list for PBXNativeTarget "The Actual College PickerTests" */ = {
			isa = XCConfigurationList;
			buildConfigurations = (
				F3129B551B4B0C0200FBFBF2 /* Debug */,
				F3129B561B4B0C0200FBFBF2 /* Release */,
			);
			defaultConfigurationIsVisible = 0;
			defaultConfigurationName = Release;
		};
		F3129B571B4B0C0200FBFBF2 /* Build configuration list for PBXNativeTarget "The Actual College PickerUITests" */ = {
			isa = XCConfigurationList;
			buildConfigurations = (
				F3129B581B4B0C0200FBFBF2 /* Debug */,
				F3129B591B4B0C0200FBFBF2 /* Release */,
			);
			defaultConfigurationIsVisible = 0;
			defaultConfigurationName = Release;
		};
/* End XCConfigurationList section */
	};
	rootObject = F3129B211B4B0C0200FBFBF2 /* Project object */;
}
